
Microsoft Visual Studio Solution File, Format Version 12.00
# Visual Studio Version 16
VisualStudioVersion = 16.0.30406.217
MinimumVisualStudioVersion = 10.0.40219.1
Project("{FAE04EC0-301F-11D3-BF4B-00C04F79EFBC}") = "HungryPizza.API", "HungryPizza.API\HungryPizza.API.csproj", "{14DFF3BA-301C-4149-93D7-26703B82DD16}"
EndProject
Project("{FAE04EC0-301F-11D3-BF4B-00C04F79EFBC}") = "HungryPizza.API.UnitTests", "HungryPizza.API.UnitTests\HungryPizza.API.UnitTests.csproj", "{B7444765-4225-4DF1-8627-1807F17103C4}"
EndProject
Project("{FAE04EC0-301F-11D3-BF4B-00C04F79EFBC}") = "HungryPizza.API.IntegrationTests", "HungryPizza.API.IntegrationTests\HungryPizza.API.IntegrationTests.csproj", "{A071DEF1-1EE5-4BAE-B6E5-5018ACAE424C}"
EndProject
Global
	GlobalSection(SolutionConfigurationPlatforms) = preSolution
		Debug|Any CPU = Debug|Any CPU
		Release|Any CPU = Release|Any CPU
	EndGlobalSection
	GlobalSection(ProjectConfigurationPlatforms) = postSolution
		{14DFF3BA-301C-4149-93D7-26703B82DD16}.Debug|Any CPU.ActiveCfg = Debug|Any CPU
		{14DFF3BA-301C-4149-93D7-26703B82DD16}.Debug|Any CPU.Build.0 = Debug|Any CPU
		{14DFF3BA-301C-4149-93D7-26703B82DD16}.Release|Any CPU.ActiveCfg = Release|Any CPU
		{14DFF3BA-301C-4149-93D7-26703B82DD16}.Release|Any CPU.Build.0 = Release|Any CPU
		{B7444765-4225-4DF1-8627-1807F17103C4}.Debug|Any CPU.ActiveCfg = Debug|Any CPU
		{B7444765-4225-4DF1-8627-1807F17103C4}.Debug|Any CPU.Build.0 = Debug|Any CPU
		{B7444765-4225-4DF1-8627-1807F17103C4}.Release|Any CPU.ActiveCfg = Release|Any CPU
		{B7444765-4225-4DF1-8627-1807F17103C4}.Release|Any CPU.Build.0 = Release|Any CPU
		{A071DEF1-1EE5-4BAE-B6E5-5018ACAE424C}.Debug|Any CPU.ActiveCfg = Debug|Any CPU
		{A071DEF1-1EE5-4BAE-B6E5-5018ACAE424C}.Debug|Any CPU.Build.0 = Debug|Any CPU
		{A071DEF1-1EE5-4BAE-B6E5-5018ACAE424C}.Release|Any CPU.ActiveCfg = Release|Any CPU
		{A071DEF1-1EE5-4BAE-B6E5-5018ACAE424C}.Release|Any CPU.Build.0 = Release|Any CPU
	EndGlobalSection
	GlobalSection(SolutionProperties) = preSolution
		HideSolutionNode = FALSE
	EndGlobalSection
	GlobalSection(ExtensibilityGlobals) = postSolution
		SolutionGuid = {4AA862B1-3292-4681-8B23-ED86DCF7D450}
	EndGlobalSection
EndGlobal
